{
  "name": "Signode-Website",
  "lockfileVersion": 2,
  "requires": true,
  "packages": {
    "": {
      "dependencies": {
        "lightbox2": "^2.11.3",
        "venobox": "^2.0.4"
      }
    },
    "node_modules/lightbox2": {
      "version": "2.11.3",
      "resolved": "https://registry.npmjs.org/lightbox2/-/lightbox2-2.11.3.tgz",
      "integrity": "sha512-Q4v6il/OK9ttgEkAxSok/jrI/LUbqTrePFchqP2x/59qaDIZgJjEEc5Xf7peSMc/55Zo5PAgmX6EiN/BeEeUBQ=="
    },
    "node_modules/venobox": {
      "version": "2.0.4",
      "resolved": "https://registry.npmjs.org/venobox/-/venobox-2.0.4.tgz",
      "integrity": "sha512-+AMA5+Y/Ul9uSUk0I4lYG0DLVJDZmRq1TWXr51jZSz+zPyLWx4Uxwh68W9nYoqqWFrsWJiZPVpr1xzYYSjQlDw=="
    }
  },
  "dependencies": {
    "lightbox2": {
      "version": "2.11.3",
      "resolved": "https://registry.npmjs.org/lightbox2/-/lightbox2-2.11.3.tgz",
      "integrity": "sha512-Q4v6il/OK9ttgEkAxSok/jrI/LUbqTrePFchqP2x/59qaDIZgJjEEc5Xf7peSMc/55Zo5PAgmX6EiN/BeEeUBQ=="
    },
    "venobox": {
      "version": "2.0.4",
      "resolved": "https://registry.npmjs.org/venobox/-/venobox-2.0.4.tgz",
      "integrity": "sha512-+AMA5+Y/Ul9uSUk0I4lYG0DLVJDZmRq1TWXr51jZSz+zPyLWx4Uxwh68W9nYoqqWFrsWJiZPVpr1xzYYSjQlDw=="
    }
  }
}
